
Microsoft Visual Studio Solution File, Format Version 12.00
# Visual Studio 15
VisualStudioVersion = 15.0.28307.539
MinimumVisualStudioVersion = 10.0.40219.1
Project("{FAE04EC0-301F-11D3-BF4B-00C04F79EFBC}") = "BOWLING", "ConsoleApp1\BOWLING.csproj", "{C325FE0F-87D9-4326-AD19-FAF63E687F2B}"
EndProject
Global
	GlobalSection(SolutionConfigurationPlatforms) = preSolution
		Debug|Any CPU = Debug|Any CPU
		Release|Any CPU = Release|Any CPU
	EndGlobalSection
	GlobalSection(ProjectConfigurationPlatforms) = postSolution
		{C325FE0F-87D9-4326-AD19-FAF63E687F2B}.Debug|Any CPU.ActiveCfg = Debug|Any CPU
		{C325FE0F-87D9-4326-AD19-FAF63E687F2B}.Debug|Any CPU.Build.0 = Debug|Any CPU
		{C325FE0F-87D9-4326-AD19-FAF63E687F2B}.Release|Any CPU.ActiveCfg = Release|Any CPU
		{C325FE0F-87D9-4326-AD19-FAF63E687F2B}.Release|Any CPU.Build.0 = Release|Any CPU
	EndGlobalSection
	GlobalSection(SolutionProperties) = preSolution
		HideSolutionNode = FALSE
	EndGlobalSection
	GlobalSection(ExtensibilityGlobals) = postSolution
		SolutionGuid = {3FB35AE2-C1C2-4F8B-B491-45B002612613}
	EndGlobalSection
EndGlobal
